
Microsoft Visual Studio Solution File, Format Version 12.00
# Visual Studio Version 17
VisualStudioVersion = 17.4.33103.184
MinimumVisualStudioVersion = 10.0.40219.1
Project("{FAE04EC0-301F-11D3-BF4B-00C04F79EFBC}") = "ToDo-List-with-additions", "ToDo-List-with-additions.csproj", "{E5E51CE9-1B57-421B-A989-E222B43E32A2}"
EndProject
Global
	GlobalSection(SolutionConfigurationPlatforms) = preSolution
		Debug|Any CPU = Debug|Any CPU
		Release|Any CPU = Release|Any CPU
	EndGlobalSection
	GlobalSection(ProjectConfigurationPlatforms) = postSolution
		{E5E51CE9-1B57-421B-A989-E222B43E32A2}.Debug|Any CPU.ActiveCfg = Debug|Any CPU
		{E5E51CE9-1B57-421B-A989-E222B43E32A2}.Debug|Any CPU.Build.0 = Debug|Any CPU
		{E5E51CE9-1B57-421B-A989-E222B43E32A2}.Release|Any CPU.ActiveCfg = Release|Any CPU
		{E5E51CE9-1B57-421B-A989-E222B43E32A2}.Release|Any CPU.Build.0 = Release|Any CPU
	EndGlobalSection
	GlobalSection(SolutionProperties) = preSolution
		HideSolutionNode = FALSE
	EndGlobalSection
	GlobalSection(ExtensibilityGlobals) = postSolution
		SolutionGuid = {39159AEA-EE4D-4515-BD4D-8669F20CD1D3}
	EndGlobalSection
EndGlobal
